// !$*UTF8*$!
{
	archiveVersion = 1;
	classes = {
	};
	objectVersion = 56;
	objects = {

/* Begin PBXBuildFile section */
		1B736E452FF0852C0088286D /* gliner_small.onnx in Resources */ = {isa = PBXBuildFile; fileRef = 1B736E442FF0852C0088286D /* gliner_small.onnx */; };
		1B736E482FF131170088286D /* tokenizer2.json in Resources */ = {isa = PBXBuildFile; fileRef = 1B736E472FF131170088286D /* tokenizer2.json */; };
		1B736E492FF131170088286D /* gliner2_base.onnx in Resources */ = {isa = PBXBuildFile; fileRef = 1B736E462FF131170088286D /* gliner2_base.onnx */; };
		1BAE6B5F2FF0472400CD4475 /* MLXHuggingFace in Frameworks */ = {isa = PBXBuildFile; productRef = 1BAE6B5E2FF0472400CD4475 /* MLXHuggingFace */; };
		1BAE6B622FF0479400CD4475 /* Hub in Frameworks */ = {isa = PBXBuildFile; productRef = 1BAE6B612FF0479400CD4475 /* Hub */; };
		1BAE6B642FF0479400CD4475 /* Tokenizers in Frameworks */ = {isa = PBXBuildFile; productRef = 1BAE6B632FF0479400CD4475 /* Tokenizers */; };
		1BAE6B662FF0479400CD4475 /* Transformers in Frameworks */ = {isa = PBXBuildFile; productRef = 1BAE6B652FF0479400CD4475 /* Transformers */; };
		1BAE6B692FF0791200CD4475 /* onnxruntime in Frameworks */ = {isa = PBXBuildFile; productRef = 1BAE6B682FF0791200CD4475 /* onnxruntime */; };
		1BAE6B6B2FF0791200CD4475 /* onnxruntime_extensions in Frameworks */ = {isa = PBXBuildFile; productRef = 1BAE6B6A2FF0791200CD4475 /* onnxruntime_extensions */; };
		1BAE6B6D2FF0792600CD4475 /* onnxruntime in Frameworks */ = {isa = PBXBuildFile; productRef = 1BAE6B6C2FF0792600CD4475 /* onnxruntime */; };
		1BAE6B732FF0795900CD4475 /* tokenizer.json in Resources */ = {isa = PBXBuildFile; fileRef = 1BAE6B712FF0795900CD4475 /* tokenizer.json */; };
		1BAE6B742FF0795900CD4475 /* gliner_config.json in Resources */ = {isa = PBXBuildFile; fileRef = 1BAE6B6F2FF0795900CD4475 /* gliner_config.json */; };
		1BAE6B752FF0795900CD4475 /* config.json in Resources */ = {isa = PBXBuildFile; fileRef = 1BAE6B6E2FF0795900CD4475 /* config.json */; };
		1BAE6B762FF0795900CD4475 /* model_uint8.onnx in Resources */ = {isa = PBXBuildFile; fileRef = 1BAE6B702FF0795900CD4475 /* model_uint8.onnx */; };
		1BAE6B782FF07AEC00CD4475 /* tokenizer_config.json in Resources */ = {isa = PBXBuildFile; fileRef = 1BAE6B772FF07AEC00CD4475 /* tokenizer_config.json */; };
		1BAE6B7A2FF07BCD00CD4475 /* added_tokens.json in Resources */ = {isa = PBXBuildFile; fileRef = 1BAE6B792FF07BCD00CD4475 /* added_tokens.json */; };
		1BAE6B7C2FF07BDA00CD4475 /* special_tokens_map.json in Resources */ = {isa = PBXBuildFile; fileRef = 1BAE6B7B2FF07BDA00CD4475 /* special_tokens_map.json */; };
		A1000001 /* ChronicleApp.swift in Sources */ = {isa = PBXBuildFile; fileRef = B1000001 /* ChronicleApp.swift */; };
		A1000002 /* RecordingView.swift in Sources */ = {isa = PBXBuildFile; fileRef = B1000002 /* RecordingView.swift */; };
		A1000003 /* RecordingViewModel.swift in Sources */ = {isa = PBXBuildFile; fileRef = B1000003 /* RecordingViewModel.swift */; };
		A1000004 /* AudioRecorderService.swift in Sources */ = {isa = PBXBuildFile; fileRef = B1000004 /* AudioRecorderService.swift */; };
		A1000005 /* SpeechService.swift in Sources */ = {isa = PBXBuildFile; fileRef = B1000005 /* SpeechService.swift */; };
		A1000006 /* PersistenceController.swift in Sources */ = {isa = PBXBuildFile; fileRef = B1000006 /* PersistenceController.swift */; };
		A1000007 /* Chronicle.xcdatamodeld in Sources */ = {isa = PBXBuildFile; fileRef = B1000007 /* Chronicle.xcdatamodeld */; };
		A1000008 /* LLMService.swift in Sources */ = {isa = PBXBuildFile; fileRef = B1000008 /* LLMService.swift */; };
		A1000009 /* ToolDefinitions.swift in Sources */ = {isa = PBXBuildFile; fileRef = B1000009 /* ToolDefinitions.swift */; };
		A100000A /* ToolExecutor.swift in Sources */ = {isa = PBXBuildFile; fileRef = B100000A /* ToolExecutor.swift */; };
		A100000B /* NarrativePrompts.swift in Sources */ = {isa = PBXBuildFile; fileRef = B100000B /* NarrativePrompts.swift */; };
		A100000C /* MLXLLM in Frameworks */ = {isa = PBXBuildFile; productRef = B100000C /* MLXLLM */; };
		A100000D /* MLXLMCommon in Frameworks */ = {isa = PBXBuildFile; productRef = B100000D /* MLXLMCommon */; };
		A100000F /* NLPService.swift in Sources */ = {isa = PBXBuildFile; fileRef = B100000F /* NLPService.swift */; };
		A1000010 /* PreProcessor.swift in Sources */ = {isa = PBXBuildFile; fileRef = B1000010F /* PreProcessor.swift */; };
		A1000011 /* TaggedText.swift in Sources */ = {isa = PBXBuildFile; fileRef = B1000011 /* TaggedText.swift */; };
		A1000012 /* TaggedTextView.swift in Sources */ = {isa = PBXBuildFile; fileRef = B1000012 /* TaggedTextView.swift */; };
		A1000013 /* GLiNERService.swift in Sources */ = {isa = PBXBuildFile; fileRef = B1000013 /* GLiNERService.swift */; };
		A1000014 /* HistoryView.swift in Sources */ = {isa = PBXBuildFile; fileRef = B1000014 /* HistoryView.swift */; };
		A1000015 /* EntitiesView.swift in Sources */ = {isa = PBXBuildFile; fileRef = B1000015 /* EntitiesView.swift */; };
		A1000016 /* MainTabView.swift in Sources */ = {isa = PBXBuildFile; fileRef = B1000016 /* MainTabView.swift */; };
		A1000017 /* CorrectionStore.swift in Sources */ = {isa = PBXBuildFile; fileRef = B1000017 /* CorrectionStore.swift */; };
		A1000018 /* RelationExtractor.swift in Sources */ = {isa = PBXBuildFile; fileRef = B1000018 /* RelationExtractor.swift */; };
		A1000019 /* TextCleaner.swift in Sources */ = {isa = PBXBuildFile; fileRef = B1000019 /* TextCleaner.swift */; };
		A100001A /* StructuredEntryBuilder.swift in Sources */ = {isa = PBXBuildFile; fileRef = B100001A /* StructuredEntryBuilder.swift */; };
		A100001B /* KnownEntities.swift in Sources */ = {isa = PBXBuildFile; fileRef = B100001B /* KnownEntities.swift */; };
/* End PBXBuildFile section */

/* Begin PBXFileReference section */
		1B736E442FF0852C0088286D /* gliner_small.onnx */ = {isa = PBXFileReference; lastKnownFileType = file; path = gliner_small.onnx; sourceTree = "<group>"; };
		1B736E462FF131170088286D /* gliner2_base.onnx */ = {isa = PBXFileReference; lastKnownFileType = text; path = gliner2_base.onnx; sourceTree = "<group>"; };
		1B736E472FF131170088286D /* tokenizer2.json */ = {isa = PBXFileReference; lastKnownFileType = text.json; path = tokenizer2.json; sourceTree = "<group>"; };
		1BAE6B6E2FF0795900CD4475 /* config.json */ = {isa = PBXFileReference; lastKnownFileType = text.json; path = config.json; sourceTree = "<group>"; };
		1BAE6B6F2FF0795900CD4475 /* gliner_config.json */ = {isa = PBXFileReference; lastKnownFileType = text.json; path = gliner_config.json; sourceTree = "<group>"; };
		1BAE6B702FF0795900CD4475 /* model_uint8.onnx */ = {isa = PBXFileReference; lastKnownFileType = file; path = model_uint8.onnx; sourceTree = "<group>"; };
		1BAE6B712FF0795900CD4475 /* tokenizer.json */ = {isa = PBXFileReference; lastKnownFileType = text.json; path = tokenizer.json; sourceTree = "<group>"; };
		1BAE6B772FF07AEC00CD4475 /* tokenizer_config.json */ = {isa = PBXFileReference; lastKnownFileType = text.json; path = tokenizer_config.json; sourceTree = "<group>"; };
		1BAE6B792FF07BCD00CD4475 /* added_tokens.json */ = {isa = PBXFileReference; lastKnownFileType = text.json; path = added_tokens.json; sourceTree = "<group>"; };
		1BAE6B7B2FF07BDA00CD4475 /* special_tokens_map.json */ = {isa = PBXFileReference; lastKnownFileType = text.json; path = special_tokens_map.json; sourceTree = "<group>"; };
		B1000001 /* ChronicleApp.swift */ = {isa = PBXFileReference; lastKnownFileType = sourcecode.swift; path = ChronicleApp.swift; sourceTree = "<group>"; };
		B1000002 /* RecordingView.swift */ = {isa = PBXFileReference; lastKnownFileType = sourcecode.swift; path = RecordingView.swift; sourceTree = "<group>"; };
		B1000003 /* RecordingViewModel.swift */ = {isa = PBXFileReference; lastKnownFileType = sourcecode.swift; path = RecordingViewModel.swift; sourceTree = "<group>"; };
		B1000004 /* AudioRecorderService.swift */ = {isa = PBXFileReference; lastKnownFileType = sourcecode.swift; path = AudioRecorderService.swift; sourceTree = "<group>"; };
		B1000005 /* SpeechService.swift */ = {isa = PBXFileReference; lastKnownFileType = sourcecode.swift; path = SpeechService.swift; sourceTree = "<group>"; };
		B1000006 /* PersistenceController.swift */ = {isa = PBXFileReference; lastKnownFileType = sourcecode.swift; path = PersistenceController.swift; sourceTree = "<group>"; };
		B1000007 /* Chronicle.xcdatamodeld */ = {isa = PBXFileReference; lastKnownFileType = wrapper.xcdatamodeld; path = Chronicle.xcdatamodeld; sourceTree = "<group>"; };
		B1000008 /* LLMService.swift */ = {isa = PBXFileReference; lastKnownFileType = sourcecode.swift; path = LLMService.swift; sourceTree = "<group>"; };
		B1000009 /* ToolDefinitions.swift */ = {isa = PBXFileReference; lastKnownFileType = sourcecode.swift; path = ToolDefinitions.swift; sourceTree = "<group>"; };
		B100000A /* ToolExecutor.swift */ = {isa = PBXFileReference; lastKnownFileType = sourcecode.swift; path = ToolExecutor.swift; sourceTree = "<group>"; };
		B100000B /* NarrativePrompts.swift */ = {isa = PBXFileReference; lastKnownFileType = sourcecode.swift; path = NarrativePrompts.swift; sourceTree = "<group>"; };
		B100000F /* NLPService.swift */ = {isa = PBXFileReference; lastKnownFileType = sourcecode.swift; path = NLPService.swift; sourceTree = "<group>"; };
		B1000010 /* Info.plist */ = {isa = PBXFileReference; lastKnownFileType = text.plist.xml; path = Info.plist; sourceTree = "<group>"; };
		B1000010F /* PreProcessor.swift */ = {isa = PBXFileReference; lastKnownFileType = sourcecode.swift; path = PreProcessor.swift; sourceTree = "<group>"; };
		B1000011 /* TaggedText.swift */ = {isa = PBXFileReference; lastKnownFileType = sourcecode.swift; path = TaggedText.swift; sourceTree = "<group>"; };
		B1000012 /* TaggedTextView.swift */ = {isa = PBXFileReference; lastKnownFileType = sourcecode.swift; path = TaggedTextView.swift; sourceTree = "<group>"; };
		B1000013 /* GLiNERService.swift */ = {isa = PBXFileReference; lastKnownFileType = sourcecode.swift; path = GLiNERService.swift; sourceTree = "<group>"; };
		B1000014 /* HistoryView.swift */ = {isa = PBXFileReference; lastKnownFileType = sourcecode.swift; path = HistoryView.swift; sourceTree = "<group>"; };
		B1000015 /* EntitiesView.swift */ = {isa = PBXFileReference; lastKnownFileType = sourcecode.swift; path = EntitiesView.swift; sourceTree = "<group>"; };
		B1000016 /* MainTabView.swift */ = {isa = PBXFileReference; lastKnownFileType = sourcecode.swift; path = MainTabView.swift; sourceTree = "<group>"; };
		B1000017 /* CorrectionStore.swift */ = {isa = PBXFileReference; lastKnownFileType = sourcecode.swift; path = CorrectionStore.swift; sourceTree = "<group>"; };
		B1000018 /* RelationExtractor.swift */ = {isa = PBXFileReference; lastKnownFileType = sourcecode.swift; path = RelationExtractor.swift; sourceTree = "<group>"; };
		B1000019 /* TextCleaner.swift */ = {isa = PBXFileReference; lastKnownFileType = sourcecode.swift; path = TextCleaner.swift; sourceTree = "<group>"; };
		B100001A /* StructuredEntryBuilder.swift */ = {isa = PBXFileReference; lastKnownFileType = sourcecode.swift; path = StructuredEntryBuilder.swift; sourceTree = "<group>"; };
		B100001B /* KnownEntities.swift */ = {isa = PBXFileReference; lastKnownFileType = sourcecode.swift; path = KnownEntities.swift; sourceTree = "<group>"; };
		B1000099 /* Chronicle.app */ = {isa = PBXFileReference; explicitFileType = wrapper.application; includeInIndex = 0; path = Chronicle.app; sourceTree = BUILT_PRODUCTS_DIR; };
/* End PBXFileReference section */

/* Begin PBXFrameworksBuildPhase section */
		C1000001 /* Frameworks */ = {
			isa = PBXFrameworksBuildPhase;
			buildActionMask = 2147483647;
			files = (
				1BAE6B662FF0479400CD4475 /* Transformers in Frameworks */,
				A100000C /* MLXLLM in Frameworks */,
				A100000D /* MLXLMCommon in Frameworks */,
				1BAE6B622FF0479400CD4475 /* Hub in Frameworks */,
				1BAE6B6B2FF0791200CD4475 /* onnxruntime_extensions in Frameworks */,
				1BAE6B5F2FF0472400CD4475 /* MLXHuggingFace in Frameworks */,
				1BAE6B6D2FF0792600CD4475 /* onnxruntime in Frameworks */,
				1BAE6B642FF0479400CD4475 /* Tokenizers in Frameworks */,
				1BAE6B692FF0791200CD4475 /* onnxruntime in Frameworks */,
			);
			runOnlyForDeploymentPostprocessing = 0;
		};
/* End PBXFrameworksBuildPhase section */

/* Begin PBXGroup section */
		1BAE6B5D2FF0472400CD4475 /* Frameworks */ = {
			isa = PBXGroup;
			children = (
			);
			name = Frameworks;
			sourceTree = "<group>";
		};
		1BAE6B722FF0795900CD4475 /* GLiNER */ = {
			isa = PBXGroup;
			children = (
				1B736E462FF131170088286D /* gliner2_base.onnx */,
				1B736E472FF131170088286D /* tokenizer2.json */,
				1B736E442FF0852C0088286D /* gliner_small.onnx */,
				1BAE6B7B2FF07BDA00CD4475 /* special_tokens_map.json */,
				1BAE6B792FF07BCD00CD4475 /* added_tokens.json */,
				1BAE6B772FF07AEC00CD4475 /* tokenizer_config.json */,
				1BAE6B6E2FF0795900CD4475 /* config.json */,
				1BAE6B6F2FF0795900CD4475 /* gliner_config.json */,
				1BAE6B702FF0795900CD4475 /* model_uint8.onnx */,
				1BAE6B712FF0795900CD4475 /* tokenizer.json */,
			);
			path = GLiNER;
			sourceTree = "<group>";
		};
		D1000001 = {
			isa = PBXGroup;
			children = (
				D1000002 /* Chronicle */,
				1BAE6B5D2FF0472400CD4475 /* Frameworks */,
				D1000099 /* Products */,
			);
			sourceTree = "<group>";
		};
		D1000002 /* Chronicle */ = {
			isa = PBXGroup;
			children = (
				D1000003 /* App */,
				D1000004 /* Views */,
				D1000005 /* ViewModels */,
				D1000006 /* Models */,
				D1000007 /* Services */,
				B1000007 /* Chronicle.xcdatamodeld */,
				1BAE6B722FF0795900CD4475 /* GLiNER */,
			);
			path = Chronicle;
			sourceTree = "<group>";
		};
		D1000003 /* App */ = {
			isa = PBXGroup;
			children = (
				B1000001 /* ChronicleApp.swift */,
				B1000010 /* Info.plist */,
			);
			path = App;
			sourceTree = "<group>";
		};
		D1000004 /* Views */ = {
			isa = PBXGroup;
			children = (
				B1000002 /* RecordingView.swift */,
				B1000012 /* TaggedTextView.swift */,
				B1000014 /* HistoryView.swift */,
				B1000015 /* EntitiesView.swift */,
				B1000016 /* MainTabView.swift */,
			);
			path = Views;
			sourceTree = "<group>";
		};
		D1000005 /* ViewModels */ = {
			isa = PBXGroup;
			children = (
				B1000003 /* RecordingViewModel.swift */,
			);
			path = ViewModels;
			sourceTree = "<group>";
		};
		D1000006 /* Models */ = {
			isa = PBXGroup;
			children = (
				B1000006 /* PersistenceController.swift */,
				B1000011 /* TaggedText.swift */,
				B100001B /* KnownEntities.swift */,
			);
			path = Models;
			sourceTree = "<group>";
		};
		D1000007 /* Services */ = {
			isa = PBXGroup;
			children = (
				B1000004 /* AudioRecorderService.swift */,
				B1000005 /* SpeechService.swift */,
				B1000008 /* LLMService.swift */,
				B1000009 /* ToolDefinitions.swift */,
				B100000A /* ToolExecutor.swift */,
				B100000B /* NarrativePrompts.swift */,
				B100000F /* NLPService.swift */,
				B1000010F /* PreProcessor.swift */,
				B1000013 /* GLiNERService.swift */,
				B1000017 /* CorrectionStore.swift */,
				B1000018 /* RelationExtractor.swift */,
				B1000019 /* TextCleaner.swift */,
				B100001A /* StructuredEntryBuilder.swift */,
			);
			path = Services;
			sourceTree = "<group>";
		};
		D1000099 /* Products */ = {
			isa = PBXGroup;
			children = (
				B1000099 /* Chronicle.app */,
			);
			name = Products;
			sourceTree = "<group>";
		};
/* End PBXGroup section */

/* Begin PBXNativeTarget section */
		E1000001 /* Chronicle */ = {
			isa = PBXNativeTarget;
			buildConfigurationList = F1000003 /* Build configuration list for PBXNativeTarget "Chronicle" */;
			buildPhases = (
				C1000002 /* Sources */,
				C1000001 /* Frameworks */,
				C1000003 /* Resources */,
			);
			buildRules = (
			);
			dependencies = (
			);
			name = Chronicle;
			productName = Chronicle;
			productReference = B1000099 /* Chronicle.app */;
			productType = "com.apple.product-type.application";
		};
/* End PBXNativeTarget section */

/* Begin PBXProject section */
		E1000099 /* Project object */ = {
			isa = PBXProject;
			attributes = {
				BuildIndependentTargetsInParallel = 1;
				LastSwiftUpdateCheck = 1540;
				LastUpgradeCheck = 1540;
				TargetAttributes = {
					E1000001 = {
						CreatedOnToolsVersion = 15.4;
					};
				};
			};
			buildConfigurationList = F1000001 /* Build configuration list for PBXProject "Chronicle" */;
			compatibilityVersion = "Xcode 14.0";
			developmentRegion = fr;
			hasScannedForEncodings = 0;
			knownRegions = (
				fr,
				Base,
			);
			mainGroup = D1000001;
			packageReferences = (
				1BAE6B5C2FF043D200CD4475 /* XCRemoteSwiftPackageReference "mlx-swift-lm" */,
				1BAE6B602FF0479400CD4475 /* XCRemoteSwiftPackageReference "swift-transformers" */,
				1BAE6B672FF0791200CD4475 /* XCRemoteSwiftPackageReference "onnxruntime-swift-package-manager" */,
			);
			productRefGroup = D1000099 /* Products */;
			projectDirPath = "";
			projectRoot = "";
			targets = (
				E1000001 /* Chronicle */,
			);
		};
/* End PBXProject section */

/* Begin PBXResourcesBuildPhase section */
		C1000003 /* Resources */ = {
			isa = PBXResourcesBuildPhase;
			buildActionMask = 2147483647;
			files = (
				1BAE6B7A2FF07BCD00CD4475 /* added_tokens.json in Resources */,
				1B736E482FF131170088286D /* tokenizer2.json in Resources */,
				1B736E492FF131170088286D /* gliner2_base.onnx in Resources */,
				1BAE6B732FF0795900CD4475 /* tokenizer.json in Resources */,
				1BAE6B742FF0795900CD4475 /* gliner_config.json in Resources */,
				1B736E452FF0852C0088286D /* gliner_small.onnx in Resources */,
				1BAE6B782FF07AEC00CD4475 /* tokenizer_config.json in Resources */,
				1BAE6B752FF0795900CD4475 /* config.json in Resources */,
				1BAE6B7C2FF07BDA00CD4475 /* special_tokens_map.json in Resources */,
				1BAE6B762FF0795900CD4475 /* model_uint8.onnx in Resources */,
			);
			runOnlyForDeploymentPostprocessing = 0;
		};
/* End PBXResourcesBuildPhase section */

/* Begin PBXSourcesBuildPhase section */
		C1000002 /* Sources */ = {
			isa = PBXSourcesBuildPhase;
			buildActionMask = 2147483647;
			files = (
				A1000001 /* ChronicleApp.swift in Sources */,
				A1000002 /* RecordingView.swift in Sources */,
				A1000003 /* RecordingViewModel.swift in Sources */,
				A1000004 /* AudioRecorderService.swift in Sources */,
				A1000005 /* SpeechService.swift in Sources */,
				A1000006 /* PersistenceController.swift in Sources */,
				A1000007 /* Chronicle.xcdatamodeld in Sources */,
				A1000008 /* LLMService.swift in Sources */,
				A1000009 /* ToolDefinitions.swift in Sources */,
				A100000A /* ToolExecutor.swift in Sources */,
				A100000B /* NarrativePrompts.swift in Sources */,
				A100000F /* NLPService.swift in Sources */,
				A1000010 /* PreProcessor.swift in Sources */,
				A1000011 /* TaggedText.swift in Sources */,
				A1000012 /* TaggedTextView.swift in Sources */,
				A1000013 /* GLiNERService.swift in Sources */,
				A1000014 /* HistoryView.swift in Sources */,
				A1000015 /* EntitiesView.swift in Sources */,
				A1000016 /* MainTabView.swift in Sources */,
				A1000017 /* CorrectionStore.swift in Sources */,
				A1000018 /* RelationExtractor.swift in Sources */,
				A1000019 /* TextCleaner.swift in Sources */,
				A100001A /* StructuredEntryBuilder.swift in Sources */,
				A100001B /* KnownEntities.swift in Sources */,
			);
			runOnlyForDeploymentPostprocessing = 0;
		};
/* End PBXSourcesBuildPhase section */

/* Begin XCBuildConfiguration section */
		F1000010 /* Debug */ = {
			isa = XCBuildConfiguration;
			buildSettings = {
				ALWAYS_SEARCH_USER_PATHS = NO;
				ASSETCATALOG_COMPILER_GENERATE_SWIFT_ASSET_SYMBOL_EXTENSIONS = YES;
				CLANG_CXX_LANGUAGE_STANDARD = "gnu++20";
				CLANG_ENABLE_MODULES = YES;
				CLANG_ENABLE_OBJC_ARC = YES;
				COPY_PHASE_STRIP = NO;
				DEBUG_INFORMATION_FORMAT = dwarf;
				ENABLE_STRICT_OBJC_MSGSEND = YES;
				ENABLE_TESTABILITY = YES;
				GCC_DYNAMIC_NO_PIC = NO;
				GCC_OPTIMIZATION_LEVEL = 0;
				GCC_PREPROCESSOR_DEFINITIONS = (
					"DEBUG=1",
					"$(inherited)",
				);
				IPHONEOS_DEPLOYMENT_TARGET = 26.0;
				MTL_ENABLE_DEBUG_INFO = INCLUDE_SOURCE;
				ONLY_ACTIVE_ARCH = YES;
				SDKROOT = iphoneos;
				SWIFT_ACTIVE_COMPILATION_CONDITIONS = "$(inherited) DEBUG";
				SWIFT_OBJC_INTEROP_MODE = objcxx;
				SWIFT_OPTIMIZATION_LEVEL = "-Onone";
			};
			name = Debug;
		};
		F1000011 /* Release */ = {
			isa = XCBuildConfiguration;
			buildSettings = {
				ALWAYS_SEARCH_USER_PATHS = NO;
				ASSETCATALOG_COMPILER_GENERATE_SWIFT_ASSET_SYMBOL_EXTENSIONS = YES;
				CLANG_CXX_LANGUAGE_STANDARD = "gnu++20";
				CLANG_ENABLE_MODULES = YES;
				CLANG_ENABLE_OBJC_ARC = YES;
				COPY_PHASE_STRIP = NO;
				DEBUG_INFORMATION_FORMAT = "dwarf-with-dsym";
				ENABLE_NS_ASSERTIONS = NO;
				ENABLE_STRICT_OBJC_MSGSEND = YES;
				GCC_OPTIMIZATION_LEVEL = s;
				IPHONEOS_DEPLOYMENT_TARGET = 26.0;
				MTL_ENABLE_DEBUG_INFO = NO;
				SDKROOT = iphoneos;
				SWIFT_COMPILATION_MODE = wholemodule;
				SWIFT_OBJC_INTEROP_MODE = objcxx;
				VALIDATE_PRODUCT = YES;
			};
			name = Release;
		};
		F1000020 /* Debug */ = {
			isa = XCBuildConfiguration;
			buildSettings = {
				ASSETCATALOG_COMPILER_APPICON_NAME = AppIcon;
				CODE_SIGN_STYLE = Automatic;
				CURRENT_PROJECT_VERSION = 1;
				DEVELOPMENT_TEAM = C7DKBX3YUF;
				GENERATE_INFOPLIST_FILE = YES;
				INFOPLIST_FILE = Chronicle/App/Info.plist;
				INFOPLIST_KEY_CFBundleDisplayName = Chronicle;
				INFOPLIST_KEY_LSApplicationCategoryType = "public.app-category.lifestyle";
				INFOPLIST_KEY_NSMicrophoneUsageDescription = "Chronicle a besoin du micro pour enregistrer tes entrées vocales quotidiennes.";
				INFOPLIST_KEY_UIApplicationSceneManifest_Generation = YES;
				INFOPLIST_KEY_UIApplicationSupportsIndirectInputEvents = YES;
				INFOPLIST_KEY_UILaunchScreen_Generation = YES;
				INFOPLIST_KEY_UISupportedInterfaceOrientations_iPad = "UIInterfaceOrientationPortrait UIInterfaceOrientationPortraitUpsideDown UIInterfaceOrientationLandscapeLeft UIInterfaceOrientationLandscapeRight";
				INFOPLIST_KEY_UISupportedInterfaceOrientations_iPhone = UIInterfaceOrientationPortrait;
				LD_RUNPATH_SEARCH_PATHS = (
					"$(inherited)",
					"@executable_path/Frameworks",
				);
				MARKETING_VERSION = 0.1.0;
				PRODUCT_BUNDLE_IDENTIFIER = com.quentinrebergue.otobio;
				PRODUCT_NAME = "$(TARGET_NAME)";
				SWIFT_EMIT_LOC_STRINGS = YES;
				SWIFT_VERSION = 5.0;
				TARGETED_DEVICE_FAMILY = 1;
			};
			name = Debug;
		};
		F1000021 /* Release */ = {
			isa = XCBuildConfiguration;
			buildSettings = {
				ASSETCATALOG_COMPILER_APPICON_NAME = AppIcon;
				CODE_SIGN_STYLE = Automatic;
				CURRENT_PROJECT_VERSION = 1;
				DEVELOPMENT_TEAM = C7DKBX3YUF;
				GENERATE_INFOPLIST_FILE = YES;
				INFOPLIST_FILE = Chronicle/App/Info.plist;
				INFOPLIST_KEY_CFBundleDisplayName = Chronicle;
				INFOPLIST_KEY_LSApplicationCategoryType = "public.app-category.lifestyle";
				INFOPLIST_KEY_NSMicrophoneUsageDescription = "Chronicle a besoin du micro pour enregistrer tes entrées vocales quotidiennes.";
				INFOPLIST_KEY_UIApplicationSceneManifest_Generation = YES;
				INFOPLIST_KEY_UIApplicationSupportsIndirectInputEvents = YES;
				INFOPLIST_KEY_UILaunchScreen_Generation = YES;
				INFOPLIST_KEY_UISupportedInterfaceOrientations_iPad = "UIInterfaceOrientationPortrait UIInterfaceOrientationPortraitUpsideDown UIInterfaceOrientationLandscapeLeft UIInterfaceOrientationLandscapeRight";
				INFOPLIST_KEY_UISupportedInterfaceOrientations_iPhone = UIInterfaceOrientationPortrait;
				LD_RUNPATH_SEARCH_PATHS = (
					"$(inherited)",
					"@executable_path/Frameworks",
				);
				MARKETING_VERSION = 0.1.0;
				PRODUCT_BUNDLE_IDENTIFIER = com.quentinrebergue.otobio;
				PRODUCT_NAME = "$(TARGET_NAME)";
				SWIFT_EMIT_LOC_STRINGS = YES;
				SWIFT_VERSION = 5.0;
				TARGETED_DEVICE_FAMILY = 1;
			};
			name = Release;
		};
/* End XCBuildConfiguration section */

/* Begin XCConfigurationList section */
		F1000001 /* Build configuration list for PBXProject "Chronicle" */ = {
			isa = XCConfigurationList;
			buildConfigurations = (
				F1000010 /* Debug */,
				F1000011 /* Release */,
			);
			defaultConfigurationIsVisible = 0;
			defaultConfigurationName = Release;
		};
		F1000003 /* Build configuration list for PBXNativeTarget "Chronicle" */ = {
			isa = XCConfigurationList;
			buildConfigurations = (
				F1000020 /* Debug */,
				F1000021 /* Release */,
			);
			defaultConfigurationIsVisible = 0;
			defaultConfigurationName = Release;
		};
/* End XCConfigurationList section */

/* Begin XCRemoteSwiftPackageReference section */
		1BAE6B5C2FF043D200CD4475 /* XCRemoteSwiftPackageReference "mlx-swift-lm" */ = {
			isa = XCRemoteSwiftPackageReference;
			repositoryURL = "https://github.com/ml-explore/mlx-swift-lm";
			requirement = {
				kind = upToNextMajorVersion;
				minimumVersion = 3.31.3;
			};
		};
		1BAE6B602FF0479400CD4475 /* XCRemoteSwiftPackageReference "swift-transformers" */ = {
			isa = XCRemoteSwiftPackageReference;
			repositoryURL = "https://github.com/huggingface/swift-transformers";
			requirement = {
				kind = upToNextMajorVersion;
				minimumVersion = 1.3.3;
			};
		};
		1BAE6B672FF0791200CD4475 /* XCRemoteSwiftPackageReference "onnxruntime-swift-package-manager" */ = {
			isa = XCRemoteSwiftPackageReference;
			repositoryURL = "https://github.com/microsoft/onnxruntime-swift-package-manager";
			requirement = {
				kind = upToNextMajorVersion;
				minimumVersion = 1.24.2;
			};
		};
/* End XCRemoteSwiftPackageReference section */

/* Begin XCSwiftPackageProductDependency section */
		1BAE6B5E2FF0472400CD4475 /* MLXHuggingFace */ = {
			isa = XCSwiftPackageProductDependency;
			package = 1BAE6B5C2FF043D200CD4475 /* XCRemoteSwiftPackageReference "mlx-swift-lm" */;
			productName = MLXHuggingFace;
		};
		1BAE6B612FF0479400CD4475 /* Hub */ = {
			isa = XCSwiftPackageProductDependency;
			package = 1BAE6B602FF0479400CD4475 /* XCRemoteSwiftPackageReference "swift-transformers" */;
			productName = Hub;
		};
		1BAE6B632FF0479400CD4475 /* Tokenizers */ = {
			isa = XCSwiftPackageProductDependency;
			package = 1BAE6B602FF0479400CD4475 /* XCRemoteSwiftPackageReference "swift-transformers" */;
			productName = Tokenizers;
		};
		1BAE6B652FF0479400CD4475 /* Transformers */ = {
			isa = XCSwiftPackageProductDependency;
			package = 1BAE6B602FF0479400CD4475 /* XCRemoteSwiftPackageReference "swift-transformers" */;
			productName = Transformers;
		};
		1BAE6B682FF0791200CD4475 /* onnxruntime */ = {
			isa = XCSwiftPackageProductDependency;
			package = 1BAE6B672FF0791200CD4475 /* XCRemoteSwiftPackageReference "onnxruntime-swift-package-manager" */;
			productName = onnxruntime;
		};
		1BAE6B6A2FF0791200CD4475 /* onnxruntime_extensions */ = {
			isa = XCSwiftPackageProductDependency;
			package = 1BAE6B672FF0791200CD4475 /* XCRemoteSwiftPackageReference "onnxruntime-swift-package-manager" */;
			productName = onnxruntime_extensions;
		};
		1BAE6B6C2FF0792600CD4475 /* onnxruntime */ = {
			isa = XCSwiftPackageProductDependency;
			package = 1BAE6B672FF0791200CD4475 /* XCRemoteSwiftPackageReference "onnxruntime-swift-package-manager" */;
			productName = onnxruntime;
		};
		B100000C /* MLXLLM */ = {
			isa = XCSwiftPackageProductDependency;
			package = 1BAE6B5C2FF043D200CD4475 /* XCRemoteSwiftPackageReference "mlx-swift-lm" */;
			productName = MLXLLM;
		};
		B100000D /* MLXLMCommon */ = {
			isa = XCSwiftPackageProductDependency;
			package = 1BAE6B5C2FF043D200CD4475 /* XCRemoteSwiftPackageReference "mlx-swift-lm" */;
			productName = MLXLMCommon;
		};
/* End XCSwiftPackageProductDependency section */
	};
	rootObject = E1000099 /* Project object */;
}
