// !$*UTF8*$!
{
	archiveVersion = 1;
	classes = {
	};
	objectVersion = 56;
	objects = {

/* Begin PBXBuildFile section */
		A1000001 /* ChronicleApp.swift in Sources */ = {isa = PBXBuildFile; fileRef = B1000001 /* ChronicleApp.swift */; };
		A1000002 /* RecordingView.swift in Sources */ = {isa = PBXBuildFile; fileRef = B1000002 /* RecordingView.swift */; };
		A1000003 /* RecordingViewModel.swift in Sources */ = {isa = PBXBuildFile; fileRef = B1000003 /* RecordingViewModel.swift */; };
		A1000004 /* AudioRecorderService.swift in Sources */ = {isa = PBXBuildFile; fileRef = B1000004 /* AudioRecorderService.swift */; };
		A1000005 /* WhisperService.swift in Sources */ = {isa = PBXBuildFile; fileRef = B1000005 /* WhisperService.swift */; };
		A1000006 /* PersistenceController.swift in Sources */ = {isa = PBXBuildFile; fileRef = B1000006 /* PersistenceController.swift */; };
		A1000007 /* Chronicle.xcdatamodeld in Sources */ = {isa = PBXBuildFile; fileRef = B1000007 /* Chronicle.xcdatamodeld */; };
/* End PBXBuildFile section */

/* Begin PBXFileReference section */
		B1000001 /* ChronicleApp.swift */ = {isa = PBXFileReference; lastKnownFileType = sourcecode.swift; path = ChronicleApp.swift; sourceTree = "<group>"; };
		B1000002 /* RecordingView.swift */ = {isa = PBXFileReference; lastKnownFileType = sourcecode.swift; path = RecordingView.swift; sourceTree = "<group>"; };
		B1000003 /* RecordingViewModel.swift */ = {isa = PBXFileReference; lastKnownFileType = sourcecode.swift; path = RecordingViewModel.swift; sourceTree = "<group>"; };
		B1000004 /* AudioRecorderService.swift */ = {isa = PBXFileReference; lastKnownFileType = sourcecode.swift; path = AudioRecorderService.swift; sourceTree = "<group>"; };
		B1000005 /* WhisperService.swift */ = {isa = PBXFileReference; lastKnownFileType = sourcecode.swift; path = WhisperService.swift; sourceTree = "<group>"; };
		B1000006 /* PersistenceController.swift */ = {isa = PBXFileReference; lastKnownFileType = sourcecode.swift; path = PersistenceController.swift; sourceTree = "<group>"; };
		B1000007 /* Chronicle.xcdatamodeld */ = {isa = PBXFileReference; lastKnownFileType = wrapper.xcdatamodeld; path = Chronicle.xcdatamodeld; sourceTree = "<group>"; };
		B1000008 /* Chronicle-Bridging-Header.h */ = {isa = PBXFileReference; lastKnownFileType = sourcecode.c.h; path = "Chronicle-Bridging-Header.h"; sourceTree = "<group>"; };
		B1000009 /* WhisperBridge.h */ = {isa = PBXFileReference; lastKnownFileType = sourcecode.c.h; path = WhisperBridge.h; sourceTree = "<group>"; };
		B1000010 /* Info.plist */ = {isa = PBXFileReference; lastKnownFileType = text.plist.xml; path = Info.plist; sourceTree = "<group>"; };
		B1000099 /* Chronicle.app */ = {isa = PBXFileReference; explicitFileType = wrapper.application; includeInIndex = 0; path = Chronicle.app; sourceTree = BUILT_PRODUCTS_DIR; };
/* End PBXFileReference section */

/* Begin PBXFrameworksBuildPhase section */
		C1000001 /* Frameworks */ = {
			isa = PBXFrameworksBuildPhase;
			buildActionMask = 2147483647;
			files = (
			);
			runOnlyForDeploymentPostprocessing = 0;
		};
/* End PBXFrameworksBuildPhase section */

/* Begin PBXGroup section */
		D1000001 = {
			isa = PBXGroup;
			children = (
				D1000002 /* Chronicle */,
				D1000099 /* Products */,
			);
			sourceTree = "<group>";
		};
		D1000002 /* Chronicle */ = {
			isa = PBXGroup;
			children = (
				D1000003 /* App */,
				D1000004 /* Views */,
				D1000005 /* ViewModels */,
				D1000006 /* Models */,
				D1000007 /* Services */,
				B1000007 /* Chronicle.xcdatamodeld */,
				B1000008 /* Chronicle-Bridging-Header.h */,
			);
			path = Chronicle;
			sourceTree = "<group>";
		};
		D1000003 /* App */ = {
			isa = PBXGroup;
			children = (
				B1000001 /* ChronicleApp.swift */,
				B1000010 /* Info.plist */,
			);
			path = App;
			sourceTree = "<group>";
		};
		D1000004 /* Views */ = {
			isa = PBXGroup;
			children = (
				B1000002 /* RecordingView.swift */,
			);
			path = Views;
			sourceTree = "<group>";
		};
		D1000005 /* ViewModels */ = {
			isa = PBXGroup;
			children = (
				B1000003 /* RecordingViewModel.swift */,
			);
			path = ViewModels;
			sourceTree = "<group>";
		};
		D1000006 /* Models */ = {
			isa = PBXGroup;
			children = (
				B1000006 /* PersistenceController.swift */,
			);
			path = Models;
			sourceTree = "<group>";
		};
		D1000007 /* Services */ = {
			isa = PBXGroup;
			children = (
				B1000004 /* AudioRecorderService.swift */,
				B1000005 /* WhisperService.swift */,
				B1000009 /* WhisperBridge.h */,
			);
			path = Services;
			sourceTree = "<group>";
		};
		D1000099 /* Products */ = {
			isa = PBXGroup;
			children = (
				B1000099 /* Chronicle.app */,
			);
			name = Products;
			sourceTree = "<group>";
		};
/* End PBXGroup section */

/* Begin PBXNativeTarget section */
		E1000001 /* Chronicle */ = {
			isa = PBXNativeTarget;
			buildConfigurationList = F1000003 /* Build configuration list for PBXNativeTarget "Chronicle" */;
			buildPhases = (
				C1000002 /* Sources */,
				C1000001 /* Frameworks */,
				C1000003 /* Resources */,
			);
			buildRules = (
			);
			dependencies = (
			);
			name = Chronicle;
			productName = Chronicle;
			productReference = B1000099 /* Chronicle.app */;
			productType = "com.apple.product-type.application";
		};
/* End PBXNativeTarget section */

/* Begin PBXProject section */
		E1000099 /* Project object */ = {
			isa = PBXProject;
			attributes = {
				BuildIndependentTargetsInParallel = 1;
				LastSwiftUpdateCheck = 1540;
				LastUpgradeCheck = 1540;
				TargetAttributes = {
					E1000001 = {
						CreatedOnToolsVersion = 15.4;
					};
				};
			};
			buildConfigurationList = F1000001 /* Build configuration list for PBXProject "Chronicle" */;
			compatibilityVersion = "Xcode 14.0";
			developmentRegion = fr;
			hasScannedForEncodings = 0;
			knownRegions = (
				fr,
				Base,
			);
			mainGroup = D1000001;
			packageReferences = (
				1BAE6B572FF0330500CD4475 /* XCRemoteSwiftPackageReference "whisper.cpp" */,
			);
			productRefGroup = D1000099 /* Products */;
			projectDirPath = "";
			projectRoot = "";
			targets = (
				E1000001 /* Chronicle */,
			);
		};
/* End PBXProject section */

/* Begin PBXResourcesBuildPhase section */
		C1000003 /* Resources */ = {
			isa = PBXResourcesBuildPhase;
			buildActionMask = 2147483647;
			files = (
			);
			runOnlyForDeploymentPostprocessing = 0;
		};
/* End PBXResourcesBuildPhase section */

/* Begin PBXSourcesBuildPhase section */
		C1000002 /* Sources */ = {
			isa = PBXSourcesBuildPhase;
			buildActionMask = 2147483647;
			files = (
				A1000001 /* ChronicleApp.swift in Sources */,
				A1000002 /* RecordingView.swift in Sources */,
				A1000003 /* RecordingViewModel.swift in Sources */,
				A1000004 /* AudioRecorderService.swift in Sources */,
				A1000005 /* WhisperService.swift in Sources */,
				A1000006 /* PersistenceController.swift in Sources */,
				A1000007 /* Chronicle.xcdatamodeld in Sources */,
			);
			runOnlyForDeploymentPostprocessing = 0;
		};
/* End PBXSourcesBuildPhase section */

/* Begin XCBuildConfiguration section */
		F1000010 /* Debug */ = {
			isa = XCBuildConfiguration;
			buildSettings = {
				ALWAYS_SEARCH_USER_PATHS = NO;
				ASSETCATALOG_COMPILER_GENERATE_SWIFT_ASSET_SYMBOL_EXTENSIONS = YES;
				CLANG_CXX_LANGUAGE_STANDARD = "gnu++20";
				CLANG_ENABLE_MODULES = YES;
				CLANG_ENABLE_OBJC_ARC = YES;
				COPY_PHASE_STRIP = NO;
				DEBUG_INFORMATION_FORMAT = dwarf;
				ENABLE_STRICT_OBJC_MSGSEND = YES;
				ENABLE_TESTABILITY = YES;
				GCC_DYNAMIC_NO_PIC = NO;
				GCC_OPTIMIZATION_LEVEL = 0;
				GCC_PREPROCESSOR_DEFINITIONS = (
					"DEBUG=1",
					"$(inherited)",
				);
				IPHONEOS_DEPLOYMENT_TARGET = 17.0;
				MTL_ENABLE_DEBUG_INFO = INCLUDE_SOURCE;
				ONLY_ACTIVE_ARCH = YES;
				SDKROOT = iphoneos;
				SWIFT_ACTIVE_COMPILATION_CONDITIONS = "$(inherited) DEBUG";
				SWIFT_OPTIMIZATION_LEVEL = "-Onone";
			};
			name = Debug;
		};
		F1000011 /* Release */ = {
			isa = XCBuildConfiguration;
			buildSettings = {
				ALWAYS_SEARCH_USER_PATHS = NO;
				ASSETCATALOG_COMPILER_GENERATE_SWIFT_ASSET_SYMBOL_EXTENSIONS = YES;
				CLANG_CXX_LANGUAGE_STANDARD = "gnu++20";
				CLANG_ENABLE_MODULES = YES;
				CLANG_ENABLE_OBJC_ARC = YES;
				COPY_PHASE_STRIP = NO;
				DEBUG_INFORMATION_FORMAT = "dwarf-with-dsym";
				ENABLE_NS_ASSERTIONS = NO;
				ENABLE_STRICT_OBJC_MSGSEND = YES;
				GCC_OPTIMIZATION_LEVEL = s;
				IPHONEOS_DEPLOYMENT_TARGET = 17.0;
				MTL_ENABLE_DEBUG_INFO = NO;
				SDKROOT = iphoneos;
				SWIFT_COMPILATION_MODE = wholemodule;
				VALIDATE_PRODUCT = YES;
			};
			name = Release;
		};
		F1000020 /* Debug */ = {
			isa = XCBuildConfiguration;
			buildSettings = {
				ASSETCATALOG_COMPILER_APPICON_NAME = AppIcon;
				CODE_SIGN_STYLE = Automatic;
				CURRENT_PROJECT_VERSION = 1;
				GENERATE_INFOPLIST_FILE = YES;
				INFOPLIST_FILE = Chronicle/App/Info.plist;
				INFOPLIST_KEY_CFBundleDisplayName = Chronicle;
				INFOPLIST_KEY_UIApplicationSceneManifest_Generation = YES;
				INFOPLIST_KEY_UIApplicationSupportsIndirectInputEvents = YES;
				INFOPLIST_KEY_UILaunchScreen_Generation = YES;
				INFOPLIST_KEY_UISupportedInterfaceOrientations_iPad = "UIInterfaceOrientationPortrait UIInterfaceOrientationPortraitUpsideDown UIInterfaceOrientationLandscapeLeft UIInterfaceOrientationLandscapeRight";
				INFOPLIST_KEY_UISupportedInterfaceOrientations_iPhone = UIInterfaceOrientationPortrait;
				LD_RUNPATH_SEARCH_PATHS = (
					"$(inherited)",
					"@executable_path/Frameworks",
				);
				MARKETING_VERSION = 0.1.0;
				PRODUCT_BUNDLE_IDENTIFIER = com.chronicle.app;
				PRODUCT_NAME = "$(TARGET_NAME)";
				SWIFT_EMIT_LOC_STRINGS = YES;
				SWIFT_OBJC_BRIDGING_HEADER = "Chronicle/Chronicle-Bridging-Header.h";
				SWIFT_VERSION = 5.0;
				TARGETED_DEVICE_FAMILY = 1;
			};
			name = Debug;
		};
		F1000021 /* Release */ = {
			isa = XCBuildConfiguration;
			buildSettings = {
				ASSETCATALOG_COMPILER_APPICON_NAME = AppIcon;
				CODE_SIGN_STYLE = Automatic;
				CURRENT_PROJECT_VERSION = 1;
				GENERATE_INFOPLIST_FILE = YES;
				INFOPLIST_FILE = Chronicle/App/Info.plist;
				INFOPLIST_KEY_CFBundleDisplayName = Chronicle;
				INFOPLIST_KEY_UIApplicationSceneManifest_Generation = YES;
				INFOPLIST_KEY_UIApplicationSupportsIndirectInputEvents = YES;
				INFOPLIST_KEY_UILaunchScreen_Generation = YES;
				INFOPLIST_KEY_UISupportedInterfaceOrientations_iPad = "UIInterfaceOrientationPortrait UIInterfaceOrientationPortraitUpsideDown UIInterfaceOrientationLandscapeLeft UIInterfaceOrientationLandscapeRight";
				INFOPLIST_KEY_UISupportedInterfaceOrientations_iPhone = UIInterfaceOrientationPortrait;
				LD_RUNPATH_SEARCH_PATHS = (
					"$(inherited)",
					"@executable_path/Frameworks",
				);
				MARKETING_VERSION = 0.1.0;
				PRODUCT_BUNDLE_IDENTIFIER = com.chronicle.app;
				PRODUCT_NAME = "$(TARGET_NAME)";
				SWIFT_EMIT_LOC_STRINGS = YES;
				SWIFT_OBJC_BRIDGING_HEADER = "Chronicle/Chronicle-Bridging-Header.h";
				SWIFT_VERSION = 5.0;
				TARGETED_DEVICE_FAMILY = 1;
			};
			name = Release;
		};
/* End XCBuildConfiguration section */

/* Begin XCConfigurationList section */
		F1000001 /* Build configuration list for PBXProject "Chronicle" */ = {
			isa = XCConfigurationList;
			buildConfigurations = (
				F1000010 /* Debug */,
				F1000011 /* Release */,
			);
			defaultConfigurationIsVisible = 0;
			defaultConfigurationName = Release;
		};
		F1000003 /* Build configuration list for PBXNativeTarget "Chronicle" */ = {
			isa = XCConfigurationList;
			buildConfigurations = (
				F1000020 /* Debug */,
				F1000021 /* Release */,
			);
			defaultConfigurationIsVisible = 0;
			defaultConfigurationName = Release;
		};
/* End XCConfigurationList section */

/* Begin XCRemoteSwiftPackageReference section */
		1BAE6B572FF0330500CD4475 /* XCRemoteSwiftPackageReference "whisper.cpp" */ = {
			isa = XCRemoteSwiftPackageReference;
			repositoryURL = "https://github.com/ggerganov/whisper.cpp.git";
			requirement = {
				branch = master;
				kind = branch;
			};
		};
/* End XCRemoteSwiftPackageReference section */
	};
	rootObject = E1000099 /* Project object */;
}
